
Microsoft Visual Studio Solution File, Format Version 12.00
# Visual Studio Version 17
VisualStudioVersion = 17.8.34330.188
MinimumVisualStudioVersion = 10.0.40219.1
Project("{FAE04EC0-301F-11D3-BF4B-00C04F79EFBC}") = "TorGuard", "TorGuard\TorGuard.csproj", "{4A8281CE-77C7-405D-85D5-4360E3C108B6}"
EndProject
Global
	GlobalSection(SolutionConfigurationPlatforms) = preSolution
		Debug|Any CPU = Debug|Any CPU
		Release|Any CPU = Release|Any CPU
	EndGlobalSection
	GlobalSection(ProjectConfigurationPlatforms) = postSolution
		{4A8281CE-77C7-405D-85D5-4360E3C108B6}.Debug|Any CPU.ActiveCfg = Debug|Any CPU
		{4A8281CE-77C7-405D-85D5-4360E3C108B6}.Debug|Any CPU.Build.0 = Debug|Any CPU
		{4A8281CE-77C7-405D-85D5-4360E3C108B6}.Release|Any CPU.ActiveCfg = Release|Any CPU
		{4A8281CE-77C7-405D-85D5-4360E3C108B6}.Release|Any CPU.Build.0 = Release|Any CPU
	EndGlobalSection
	GlobalSection(SolutionProperties) = preSolution
		HideSolutionNode = FALSE
	EndGlobalSection
	GlobalSection(ExtensibilityGlobals) = postSolution
		SolutionGuid = {C64929A0-A80B-4D61-BB2B-B9BB0E5517E3}
	EndGlobalSection
EndGlobal
